# THIS IS AN AUTOGENERATED FILE. DO NOT EDIT THIS FILE DIRECTLY.
# yarn lockfile v1


"@fimbul/bifrost@^0.6.0":
  version "0.6.0"
  resolved "https://registry.yarnpkg.com/@fimbul/bifrost/-/bifrost-0.6.0.tgz#5150302b63e1bd37ff95f561c3605949cb7e3770"
  dependencies:
    "@fimbul/ymir" "^0.6.0"
    get-caller-file "^1.0.2"
    tslib "^1.8.1"

"@fimbul/ymir@^0.6.0":
  version "0.6.0"
  resolved "https://registry.yarnpkg.com/@fimbul/ymir/-/ymir-0.6.0.tgz#537cb15d361b7c993fe953b48c898ecdf4f671b8"
  dependencies:
    inversify "^4.10.0"
    reflect-metadata "^0.1.12"
    tslib "^1.8.1"

decamelize@^2.0.0:
  version "2.0.0"
  resolved "https://registry.yarnpkg.com/decamelize/-/decamelize-2.0.0.tgz#656d7bbc8094c4c788ea53c5840908c9c7d063c7"
  dependencies:
    xregexp "4.0.0"

doctrine@0.7.2:
  version "0.7.2"
  resolved "https://registry.yarnpkg.com/doctrine/-/doctrine-0.7.2.tgz#7cb860359ba3be90e040b26b729ce4bfa654c523"
  dependencies:
    esutils "^1.1.6"
    isarray "0.0.1"

esutils@^1.1.6:
  version "1.1.6"
  resolved "https://registry.yarnpkg.com/esutils/-/esutils-1.1.6.tgz#c01ccaa9ae4b897c6d0c3e210ae52f3c7a844375"

get-caller-file@^1.0.2:
  version "1.0.2"
  resolved "https://registry.yarnpkg.com/get-caller-file/-/get-caller-file-1.0.2.tgz#f702e63127e7e231c160a80c1554acb70d5047e5"

inversify@^4.10.0:
  version "4.13.0"
  resolved "https://registry.yarnpkg.com/inversify/-/inversify-4.13.0.tgz#0ab40570bfa4474b04d5b919bbab3a4f682a72f5"

isarray@0.0.1:
  version "0.0.1"
  resolved "https://registry.yarnpkg.com/isarray/-/isarray-0.0.1.tgz#8a18acfca9a8f4177e09abfc6038939b05d1eedf"

path-parse@^1.0.5:
  version "1.0.5"
  resolved "https://registry.yarnpkg.com/path-parse/-/path-parse-1.0.5.tgz#3c1adf871ea9cd6c9431b6ea2bd74a0ff055c4c1"

reflect-metadata@^0.1.12:
  version "0.1.12"
  resolved "https://registry.yarnpkg.com/reflect-metadata/-/reflect-metadata-0.1.12.tgz#311bf0c6b63cd782f228a81abe146a2bfa9c56f2"

resolve@^1.4.0:
  version "1.7.1"
  resolved "https://registry.yarnpkg.com/resolve/-/resolve-1.7.1.tgz#aadd656374fd298aee895bc026b8297418677fd3"
  dependencies:
    path-parse "^1.0.5"

rxjs-tslint-rules@^4.1.1:
  version "4.1.1"
  resolved "https://registry.yarnpkg.com/rxjs-tslint-rules/-/rxjs-tslint-rules-4.1.1.tgz#b8519227e59a5d9e0a7063c125f973675a62b91a"
  dependencies:
    decamelize "^2.0.0"
    resolve "^1.4.0"
    tslib "^1.8.0"

tslib@1.9.0, tslib@^1.7.1, tslib@^1.8.0, tslib@^1.8.1:
  version "1.9.0"
  resolved "https://registry.yarnpkg.com/tslib/-/tslib-1.9.0.tgz#e37a86fda8cbbaf23a057f473c9f4dc64e5fc2e8"

tslint-consistent-codestyle@^1.13.0:
  version "1.13.0"
  resolved "https://registry.yarnpkg.com/tslint-consistent-codestyle/-/tslint-consistent-codestyle-1.13.0.tgz#82abf230bf39e01159b4e9af721d489dd5ae0e6c"
  dependencies:
    "@fimbul/bifrost" "^0.6.0"
    tslib "^1.7.1"
    tsutils "^2.24.0"

tslint-eslint-rules@^5.1.0:
  version "5.1.0"
  resolved "https://registry.yarnpkg.com/tslint-eslint-rules/-/tslint-eslint-rules-5.1.0.tgz#3232b318da55dbb5a83e3f5d657c1ddbb27b9ff2"
  dependencies:
    doctrine "0.7.2"
    tslib "1.9.0"
    tsutils "2.8.0"

tslint-microsoft-contrib@^5.0.3:
  version "5.0.3"
  resolved "https://registry.yarnpkg.com/tslint-microsoft-contrib/-/tslint-microsoft-contrib-5.0.3.tgz#6fc3e238179cd72045c2b422e4d655f4183a8d5c"
  dependencies:
    tsutils "^2.12.1"

tslint-react@^3.5.1:
  version "3.5.1"
  resolved "https://registry.yarnpkg.com/tslint-react/-/tslint-react-3.5.1.tgz#a5ca48034bf583fb63b42763bb89fa23062d5390"
  dependencies:
    tsutils "^2.13.1"

tsutils@2.8.0:
  version "2.8.0"
  resolved "https://registry.yarnpkg.com/tsutils/-/tsutils-2.8.0.tgz#0160173729b3bf138628dd14a1537e00851d814a"
  dependencies:
    tslib "^1.7.1"

tsutils@^2.12.1, tsutils@^2.13.1, tsutils@^2.24.0:
  version "2.26.2"
  resolved "https://registry.yarnpkg.com/tsutils/-/tsutils-2.26.2.tgz#a9f9f63434a456a5e0c95a45d9a59181cb32d3bf"
  dependencies:
    tslib "^1.8.1"

xregexp@4.0.0:
  version "4.0.0"
  resolved "https://registry.yarnpkg.com/xregexp/-/xregexp-4.0.0.tgz#e698189de49dd2a18cc5687b05e17c8e43943020"
